
Microsoft Visual Studio Solution File, Format Version 12.00
# Visual Studio Version 17
VisualStudioVersion = 17.9.34728.123
MinimumVisualStudioVersion = 10.0.40219.1
Project("{2150E333-8FDC-42A3-9474-1A3956D46DE8}") = "Meadow.Foundation.RTLite", "Meadow.Foundation.RTLite", "{8460641D-FD10-42E8-951D-4EFEDE2F00B1}"
EndProject
Project("{2150E333-8FDC-42A3-9474-1A3956D46DE8}") = "Samples", "Samples", "{47F3F4D4-721A-47B0-AAFA-E7A1155BB67C}"
EndProject
Project("{9A19103F-16F7-4668-BE54-9A1E7A4F7556}") = "Meadow.Foundation.RTLite", "Driver\Meadow.Foundation.RTLite.csproj", "{1F7D2037-4ED0-459E-AF51-7CAC5C7C0416}"
EndProject
Project("{9A19103F-16F7-4668-BE54-9A1E7A4F7556}") = "GestureDetector", "Samples\GestureDetector\GestureDetector.csproj", "{DE51C7A8-3464-4ADF-A91E-FD939A8F8CED}"
EndProject
Project("{9A19103F-16F7-4668-BE54-9A1E7A4F7556}") = "HelloWorld", "Samples\HelloWorld\HelloWorld.csproj", "{E40B2505-8856-41C0-9CA8-EEAA5AAE6B14}"
EndProject
Project("{9A19103F-16F7-4668-BE54-9A1E7A4F7556}") = "MagicWand", "Samples\MagicWand\MagicWand.csproj", "{479675E5-5193-4B86-8F1E-78A07C473048}"
EndProject
Project("{9A19103F-16F7-4668-BE54-9A1E7A4F7556}") = "MnistDigit", "Samples\MnistDigit\MnistDigit.csproj", "{5478A486-DBAC-4F42-9318-F3DBF6637978}"
EndProject
Project("{9A19103F-16F7-4668-BE54-9A1E7A4F7556}") = "PersonDetector", "Samples\PersonDetector\PersonDetector.csproj", "{D336600F-862D-4335-BC99-CD325B582FA8}"
EndProject
Global
	GlobalSection(SolutionConfigurationPlatforms) = preSolution
		Debug|Any CPU = Debug|Any CPU
		Release|Any CPU = Release|Any CPU
	EndGlobalSection
	GlobalSection(ProjectConfigurationPlatforms) = postSolution
		{1F7D2037-4ED0-459E-AF51-7CAC5C7C0416}.Debug|Any CPU.ActiveCfg = Debug|Any CPU
		{1F7D2037-4ED0-459E-AF51-7CAC5C7C0416}.Debug|Any CPU.Build.0 = Debug|Any CPU
		{1F7D2037-4ED0-459E-AF51-7CAC5C7C0416}.Release|Any CPU.ActiveCfg = Release|Any CPU
		{1F7D2037-4ED0-459E-AF51-7CAC5C7C0416}.Release|Any CPU.Build.0 = Release|Any CPU
		{DE51C7A8-3464-4ADF-A91E-FD939A8F8CED}.Debug|Any CPU.ActiveCfg = Debug|Any CPU
		{DE51C7A8-3464-4ADF-A91E-FD939A8F8CED}.Debug|Any CPU.Build.0 = Debug|Any CPU
		{DE51C7A8-3464-4ADF-A91E-FD939A8F8CED}.Release|Any CPU.ActiveCfg = Release|Any CPU
		{DE51C7A8-3464-4ADF-A91E-FD939A8F8CED}.Release|Any CPU.Build.0 = Release|Any CPU
		{E40B2505-8856-41C0-9CA8-EEAA5AAE6B14}.Debug|Any CPU.ActiveCfg = Debug|Any CPU
		{E40B2505-8856-41C0-9CA8-EEAA5AAE6B14}.Debug|Any CPU.Build.0 = Debug|Any CPU
		{E40B2505-8856-41C0-9CA8-EEAA5AAE6B14}.Release|Any CPU.ActiveCfg = Release|Any CPU
		{E40B2505-8856-41C0-9CA8-EEAA5AAE6B14}.Release|Any CPU.Build.0 = Release|Any CPU
		{479675E5-5193-4B86-8F1E-78A07C473048}.Debug|Any CPU.ActiveCfg = Debug|Any CPU
		{479675E5-5193-4B86-8F1E-78A07C473048}.Debug|Any CPU.Build.0 = Debug|Any CPU
		{479675E5-5193-4B86-8F1E-78A07C473048}.Release|Any CPU.ActiveCfg = Release|Any CPU
		{479675E5-5193-4B86-8F1E-78A07C473048}.Release|Any CPU.Build.0 = Release|Any CPU
		{5478A486-DBAC-4F42-9318-F3DBF6637978}.Debug|Any CPU.ActiveCfg = Debug|Any CPU
		{5478A486-DBAC-4F42-9318-F3DBF6637978}.Debug|Any CPU.Build.0 = Debug|Any CPU
		{5478A486-DBAC-4F42-9318-F3DBF6637978}.Debug|Any CPU.Deploy.0 = Debug|Any CPU
		{5478A486-DBAC-4F42-9318-F3DBF6637978}.Release|Any CPU.ActiveCfg = Release|Any CPU
		{5478A486-DBAC-4F42-9318-F3DBF6637978}.Release|Any CPU.Build.0 = Release|Any CPU
		{5478A486-DBAC-4F42-9318-F3DBF6637978}.Release|Any CPU.Deploy.0 = Release|Any CPU
		{D336600F-862D-4335-BC99-CD325B582FA8}.Debug|Any CPU.ActiveCfg = Debug|Any CPU
		{D336600F-862D-4335-BC99-CD325B582FA8}.Debug|Any CPU.Build.0 = Debug|Any CPU
		{D336600F-862D-4335-BC99-CD325B582FA8}.Debug|Any CPU.Deploy.0 = Debug|Any CPU
		{D336600F-862D-4335-BC99-CD325B582FA8}.Release|Any CPU.ActiveCfg = Release|Any CPU
		{D336600F-862D-4335-BC99-CD325B582FA8}.Release|Any CPU.Build.0 = Release|Any CPU
		{D336600F-862D-4335-BC99-CD325B582FA8}.Release|Any CPU.Deploy.0 = Release|Any CPU
	EndGlobalSection
	GlobalSection(SolutionProperties) = preSolution
		HideSolutionNode = FALSE
	EndGlobalSection
	GlobalSection(NestedProjects) = preSolution
		{1F7D2037-4ED0-459E-AF51-7CAC5C7C0416} = {8460641D-FD10-42E8-951D-4EFEDE2F00B1}
		{DE51C7A8-3464-4ADF-A91E-FD939A8F8CED} = {47F3F4D4-721A-47B0-AAFA-E7A1155BB67C}
		{E40B2505-8856-41C0-9CA8-EEAA5AAE6B14} = {47F3F4D4-721A-47B0-AAFA-E7A1155BB67C}
		{479675E5-5193-4B86-8F1E-78A07C473048} = {47F3F4D4-721A-47B0-AAFA-E7A1155BB67C}
		{5478A486-DBAC-4F42-9318-F3DBF6637978} = {47F3F4D4-721A-47B0-AAFA-E7A1155BB67C}
		{D336600F-862D-4335-BC99-CD325B582FA8} = {47F3F4D4-721A-47B0-AAFA-E7A1155BB67C}
	EndGlobalSection
	GlobalSection(ExtensibilityGlobals) = postSolution
		SolutionGuid = {AF0B3E5F-EFD0-4EB3-9197-84B122ADFE42}
	EndGlobalSection
EndGlobal
